
Microsoft Visual Studio Solution File, Format Version 12.00
# Visual Studio Version 17
VisualStudioVersion = 17.14.36109.1 d17.14
MinimumVisualStudioVersion = 10.0.40219.1
Project("{8BC9CEB8-8B4A-11D0-8D11-00A0C91BC942}") = "ACUFixes", "ACUFixes\ACUFixes.vcxproj", "{C879930E-6867-4A29-AF44-6625490FC549}"
EndProject
Project("{8BC9CEB8-8B4A-11D0-8D11-00A0C91BC942}") = "ACU-RE", "CommonLibACU\ACU-RE\ACU-RE.vcxproj", "{3CE83CE0-69AA-4C6E-9476-2E9DC734B47F}"
EndProject
Project("{8BC9CEB8-8B4A-11D0-8D11-00A0C91BC942}") = "DX11-BaseHook", "DX11-BaseHook\DX11-BaseHook.vcxproj", "{493E69B7-9966-4B96-94BA-158EA9FA50C8}"
EndProject
Project("{8BC9CEB8-8B4A-11D0-8D11-00A0C91BC942}") = "ACUFixesLoader", "ACUFixesLoader\ACUFixesLoader.vcxproj", "{5348EA3C-3D47-489C-8D0F-737C891CCBF0}"
EndProject
Project("{8BC9CEB8-8B4A-11D0-8D11-00A0C91BC942}") = "Serialization", "CommonLibACU\Serialization\Serialization.vcxproj", "{7F95D10E-E7EA-42C6-8BFB-A01756337677}"
EndProject
Project("{8BC9CEB8-8B4A-11D0-8D11-00A0C91BC942}") = "AutoAssemblerKinda", "CommonLibACU\AutoAssemblerKinda\AutoAssemblerKinda.vcxproj", "{545FD0F0-C203-4600-AD7F-4600F7907B89}"
EndProject
Project("{8BC9CEB8-8B4A-11D0-8D11-00A0C91BC942}") = "ProxyOfTheVersionDLL", "ProxyOfTheVersionDLL\ProxyOfTheVersionDLL.vcxproj", "{BB30BF15-6016-43AE-9790-BB4B423A79A4}"
EndProject
Project("{8BC9CEB8-8B4A-11D0-8D11-00A0C91BC942}") = "ACUFixes-PluginLoader", "ACUFixes-PluginLoader\ACUFixes-PluginLoader.vcxproj", "{34C4F4FA-69AB-4CDB-BED9-9E84300C5E22}"
EndProject
Project("{8BC9CEB8-8B4A-11D0-8D11-00A0C91BC942}") = "Common_PluginSide", "CommonLibACU\Common_PluginSide\Common_PluginSide.vcxproj", "{707FA1AF-9276-42CA-87FC-1382164270B3}"
EndProject
Project("{8BC9CEB8-8B4A-11D0-8D11-00A0C91BC942}") = "DearImGui", "CommonLibACU\DearImGui\DearImGui.vcxproj", "{A7A4F65C-61C0-42DA-A457-2558090657A3}"
EndProject
Project("{2150E333-8FDC-42A3-9474-1A3956D46DE8}") = "Libs", "Libs", "{F488EDCA-7311-4B19-8F18-24B9961336D4}"
EndProject
Global
	GlobalSection(SolutionConfigurationPlatforms) = preSolution
		Debug|x64 = Debug|x64
		Debug|x86 = Debug|x86
		Release|x64 = Release|x64
		Release|x86 = Release|x86
	EndGlobalSection
	GlobalSection(ProjectConfigurationPlatforms) = postSolution
		{C879930E-6867-4A29-AF44-6625490FC549}.Debug|x64.ActiveCfg = Debug|x64
		{C879930E-6867-4A29-AF44-6625490FC549}.Debug|x64.Build.0 = Debug|x64
		{C879930E-6867-4A29-AF44-6625490FC549}.Debug|x86.ActiveCfg = Debug|Win32
		{C879930E-6867-4A29-AF44-6625490FC549}.Debug|x86.Build.0 = Debug|Win32
		{C879930E-6867-4A29-AF44-6625490FC549}.Release|x64.ActiveCfg = Release|x64
		{C879930E-6867-4A29-AF44-6625490FC549}.Release|x64.Build.0 = Release|x64
		{C879930E-6867-4A29-AF44-6625490FC549}.Release|x86.ActiveCfg = Release|Win32
		{C879930E-6867-4A29-AF44-6625490FC549}.Release|x86.Build.0 = Release|Win32
		{3CE83CE0-69AA-4C6E-9476-2E9DC734B47F}.Debug|x64.ActiveCfg = Debug|x64
		{3CE83CE0-69AA-4C6E-9476-2E9DC734B47F}.Debug|x64.Build.0 = Debug|x64
		{3CE83CE0-69AA-4C6E-9476-2E9DC734B47F}.Debug|x86.ActiveCfg = Debug|Win32
		{3CE83CE0-69AA-4C6E-9476-2E9DC734B47F}.Debug|x86.Build.0 = Debug|Win32
		{3CE83CE0-69AA-4C6E-9476-2E9DC734B47F}.Release|x64.ActiveCfg = Release|x64
		{3CE83CE0-69AA-4C6E-9476-2E9DC734B47F}.Release|x64.Build.0 = Release|x64
		{3CE83CE0-69AA-4C6E-9476-2E9DC734B47F}.Release|x86.ActiveCfg = Release|Win32
		{3CE83CE0-69AA-4C6E-9476-2E9DC734B47F}.Release|x86.Build.0 = Release|Win32
		{493E69B7-9966-4B96-94BA-158EA9FA50C8}.Debug|x64.ActiveCfg = Debug|x64
		{493E69B7-9966-4B96-94BA-158EA9FA50C8}.Debug|x64.Build.0 = Debug|x64
		{493E69B7-9966-4B96-94BA-158EA9FA50C8}.Debug|x86.ActiveCfg = Debug|Win32
		{493E69B7-9966-4B96-94BA-158EA9FA50C8}.Debug|x86.Build.0 = Debug|Win32
		{493E69B7-9966-4B96-94BA-158EA9FA50C8}.Release|x64.ActiveCfg = Release|x64
		{493E69B7-9966-4B96-94BA-158EA9FA50C8}.Release|x64.Build.0 = Release|x64
		{493E69B7-9966-4B96-94BA-158EA9FA50C8}.Release|x86.ActiveCfg = Release|Win32
		{493E69B7-9966-4B96-94BA-158EA9FA50C8}.Release|x86.Build.0 = Release|Win32
		{5348EA3C-3D47-489C-8D0F-737C891CCBF0}.Debug|x64.ActiveCfg = Debug|x64
		{5348EA3C-3D47-489C-8D0F-737C891CCBF0}.Debug|x64.Build.0 = Debug|x64
		{5348EA3C-3D47-489C-8D0F-737C891CCBF0}.Debug|x86.ActiveCfg = Debug|Win32
		{5348EA3C-3D47-489C-8D0F-737C891CCBF0}.Debug|x86.Build.0 = Debug|Win32
		{5348EA3C-3D47-489C-8D0F-737C891CCBF0}.Release|x64.ActiveCfg = Release|x64
		{5348EA3C-3D47-489C-8D0F-737C891CCBF0}.Release|x64.Build.0 = Release|x64
		{5348EA3C-3D47-489C-8D0F-737C891CCBF0}.Release|x86.ActiveCfg = Release|Win32
		{5348EA3C-3D47-489C-8D0F-737C891CCBF0}.Release|x86.Build.0 = Release|Win32
		{7F95D10E-E7EA-42C6-8BFB-A01756337677}.Debug|x64.ActiveCfg = Debug|x64
		{7F95D10E-E7EA-42C6-8BFB-A01756337677}.Debug|x64.Build.0 = Debug|x64
		{7F95D10E-E7EA-42C6-8BFB-A01756337677}.Debug|x86.ActiveCfg = Debug|Win32
		{7F95D10E-E7EA-42C6-8BFB-A01756337677}.Debug|x86.Build.0 = Debug|Win32
		{7F95D10E-E7EA-42C6-8BFB-A01756337677}.Release|x64.ActiveCfg = Release|x64
		{7F95D10E-E7EA-42C6-8BFB-A01756337677}.Release|x64.Build.0 = Release|x64
		{7F95D10E-E7EA-42C6-8BFB-A01756337677}.Release|x86.ActiveCfg = Release|Win32
		{7F95D10E-E7EA-42C6-8BFB-A01756337677}.Release|x86.Build.0 = Release|Win32
		{545FD0F0-C203-4600-AD7F-4600F7907B89}.Debug|x64.ActiveCfg = Debug|x64
		{545FD0F0-C203-4600-AD7F-4600F7907B89}.Debug|x64.Build.0 = Debug|x64
		{545FD0F0-C203-4600-AD7F-4600F7907B89}.Debug|x86.ActiveCfg = Debug|Win32
		{545FD0F0-C203-4600-AD7F-4600F7907B89}.Debug|x86.Build.0 = Debug|Win32
		{545FD0F0-C203-4600-AD7F-4600F7907B89}.Release|x64.ActiveCfg = Release|x64
		{545FD0F0-C203-4600-AD7F-4600F7907B89}.Release|x64.Build.0 = Release|x64
		{545FD0F0-C203-4600-AD7F-4600F7907B89}.Release|x86.ActiveCfg = Release|Win32
		{545FD0F0-C203-4600-AD7F-4600F7907B89}.Release|x86.Build.0 = Release|Win32
		{BB30BF15-6016-43AE-9790-BB4B423A79A4}.Debug|x64.ActiveCfg = Debug|x64
		{BB30BF15-6016-43AE-9790-BB4B423A79A4}.Debug|x64.Build.0 = Debug|x64
		{BB30BF15-6016-43AE-9790-BB4B423A79A4}.Debug|x86.ActiveCfg = Debug|Win32
		{BB30BF15-6016-43AE-9790-BB4B423A79A4}.Debug|x86.Build.0 = Debug|Win32
		{BB30BF15-6016-43AE-9790-BB4B423A79A4}.Release|x64.ActiveCfg = Release|x64
		{BB30BF15-6016-43AE-9790-BB4B423A79A4}.Release|x64.Build.0 = Release|x64
		{BB30BF15-6016-43AE-9790-BB4B423A79A4}.Release|x86.ActiveCfg = Release|Win32
		{BB30BF15-6016-43AE-9790-BB4B423A79A4}.Release|x86.Build.0 = Release|Win32
		{34C4F4FA-69AB-4CDB-BED9-9E84300C5E22}.Debug|x64.ActiveCfg = Debug|x64
		{34C4F4FA-69AB-4CDB-BED9-9E84300C5E22}.Debug|x64.Build.0 = Debug|x64
		{34C4F4FA-69AB-4CDB-BED9-9E84300C5E22}.Debug|x86.ActiveCfg = Debug|Win32
		{34C4F4FA-69AB-4CDB-BED9-9E84300C5E22}.Debug|x86.Build.0 = Debug|Win32
		{34C4F4FA-69AB-4CDB-BED9-9E84300C5E22}.Release|x64.ActiveCfg = Release|x64
		{34C4F4FA-69AB-4CDB-BED9-9E84300C5E22}.Release|x64.Build.0 = Release|x64
		{34C4F4FA-69AB-4CDB-BED9-9E84300C5E22}.Release|x86.ActiveCfg = Release|Win32
		{34C4F4FA-69AB-4CDB-BED9-9E84300C5E22}.Release|x86.Build.0 = Release|Win32
		{707FA1AF-9276-42CA-87FC-1382164270B3}.Debug|x64.ActiveCfg = Debug|x64
		{707FA1AF-9276-42CA-87FC-1382164270B3}.Debug|x64.Build.0 = Debug|x64
		{707FA1AF-9276-42CA-87FC-1382164270B3}.Debug|x86.ActiveCfg = Debug|Win32
		{707FA1AF-9276-42CA-87FC-1382164270B3}.Debug|x86.Build.0 = Debug|Win32
		{707FA1AF-9276-42CA-87FC-1382164270B3}.Release|x64.ActiveCfg = Release|x64
		{707FA1AF-9276-42CA-87FC-1382164270B3}.Release|x64.Build.0 = Release|x64
		{707FA1AF-9276-42CA-87FC-1382164270B3}.Release|x86.ActiveCfg = Release|Win32
		{707FA1AF-9276-42CA-87FC-1382164270B3}.Release|x86.Build.0 = Release|Win32
		{A7A4F65C-61C0-42DA-A457-2558090657A3}.Debug|x64.ActiveCfg = Debug|x64
		{A7A4F65C-61C0-42DA-A457-2558090657A3}.Debug|x64.Build.0 = Debug|x64
		{A7A4F65C-61C0-42DA-A457-2558090657A3}.Debug|x86.ActiveCfg = Debug|Win32
		{A7A4F65C-61C0-42DA-A457-2558090657A3}.Debug|x86.Build.0 = Debug|Win32
		{A7A4F65C-61C0-42DA-A457-2558090657A3}.Release|x64.ActiveCfg = Release|x64
		{A7A4F65C-61C0-42DA-A457-2558090657A3}.Release|x64.Build.0 = Release|x64
		{A7A4F65C-61C0-42DA-A457-2558090657A3}.Release|x86.ActiveCfg = Release|Win32
		{A7A4F65C-61C0-42DA-A457-2558090657A3}.Release|x86.Build.0 = Release|Win32
	EndGlobalSection
	GlobalSection(SolutionProperties) = preSolution
		HideSolutionNode = FALSE
	EndGlobalSection
	GlobalSection(NestedProjects) = preSolution
		{3CE83CE0-69AA-4C6E-9476-2E9DC734B47F} = {F488EDCA-7311-4B19-8F18-24B9961336D4}
		{7F95D10E-E7EA-42C6-8BFB-A01756337677} = {F488EDCA-7311-4B19-8F18-24B9961336D4}
		{545FD0F0-C203-4600-AD7F-4600F7907B89} = {F488EDCA-7311-4B19-8F18-24B9961336D4}
		{707FA1AF-9276-42CA-87FC-1382164270B3} = {F488EDCA-7311-4B19-8F18-24B9961336D4}
		{A7A4F65C-61C0-42DA-A457-2558090657A3} = {F488EDCA-7311-4B19-8F18-24B9961336D4}
	EndGlobalSection
	GlobalSection(ExtensibilityGlobals) = postSolution
		SolutionGuid = {EF2D1A87-E352-493B-9E27-E74CF6F65FE4}
	EndGlobalSection
EndGlobal
