<?xml version="1.0" encoding="utf-8"?>
<Project ToolsVersion="4.0" xmlns="http://schemas.microsoft.com/developer/msbuild/2003">
  <ItemGroup>
    <Filter Include="Source Files">
      <UniqueIdentifier>{4FC737F1-C7A5-4376-A066-2A32D752A2FF}</UniqueIdentifier>
      <Extensions>cpp;c;cc;cxx;c++;def;odl;idl;hpj;bat;asm;asmx</Extensions>
    </Filter>
    <Filter Include="Header Files">
      <UniqueIdentifier>{93995380-89BD-4b04-88EB-625FBE52EBFB}</UniqueIdentifier>
      <Extensions>h;hh;hpp;hxx;h++;hm;inl;inc;ipp;xsd</Extensions>
    </Filter>
    <Filter Include="Resource Files">
      <UniqueIdentifier>{67DA6AB6-F800-4c08-8B7A-83BB121AAD01}</UniqueIdentifier>
      <Extensions>rc;ico;cur;bmp;dlg;rc2;rct;bin;rgs;gif;jpg;jpeg;jpe;resx;tiff;tif;png;wav;mfcribbon-ms</Extensions>
    </Filter>
    <Filter Include="Source Files\version">
      <UniqueIdentifier>{cb33e585-df76-4a67-a5f0-3d6d59052e7e}</UniqueIdentifier>
    </Filter>
    <Filter Include="Source Files\version\32">
      <UniqueIdentifier>{e9587809-56ae-40ac-a8f7-c4cdcfe71fe6}</UniqueIdentifier>
    </Filter>
    <Filter Include="Source Files\version\64">
      <UniqueIdentifier>{4e844e72-d0ca-456e-b954-0cc2f123f924}</UniqueIdentifier>
    </Filter>
  </ItemGroup>
  <ItemGroup>
    <ClInclude Include="version\version.h">
      <Filter>Source Files\version</Filter>
    </ClInclude>
  </ItemGroup>
  <ItemGroup>
    <ClCompile Include="dllmain.cpp">
      <Filter>Source Files</Filter>
    </ClCompile>
  </ItemGroup>
  <ItemGroup>
    <None Include="version\version.def">
      <Filter>Source Files\version</Filter>
    </None>
  </ItemGroup>
  <ItemGroup>
    <MASM Include="version\32\version_32.asm">
      <Filter>Source Files\version\32</Filter>
    </MASM>
    <MASM Include="version\64\version_64.asm">
      <Filter>Source Files\version\64</Filter>
    </MASM>
  </ItemGroup>
</Project>