<?xml version="1.0" encoding="utf-8"?>
<Project ToolsVersion="4.0" xmlns="http://schemas.microsoft.com/developer/msbuild/2003">
  <ItemGroup>
    <ClInclude Include="src\pch.h" />
    <ClInclude Include="src\framework.h" />
    <ClInclude Include="include\Serialization\BooleanAdapter.h" />
    <ClInclude Include="include\Serialization\EnumAdapter.h" />
    <ClInclude Include="include\Serialization\NumericAdapters.h" />
    <ClInclude Include="include\Serialization\Serialization.h" />
    <ClInclude Include="include\Serialization\SerializationForwardDeclarations.h" />
    <ClInclude Include="include\Serialization\enumFactory.h" />
    <ClInclude Include="include\Serialization\ToFromFile\ToFromFile.h" />
    <ClInclude Include="include\Serialization\FilepathAdapter.h" />
    <ClInclude Include="include\OLYAFSer\OLYAFSer.h" />
    <ClInclude Include="include\SimpleJSON\json.hpp" />
    <ClInclude Include="include\Serialization\UTF8.h" />
  </ItemGroup>
  <ItemGroup>
    <ClCompile Include="src\pch.cpp" />
    <ClCompile Include="src\Serialization.cpp" />
    <ClCompile Include="src\TEST_EnumReflectionAndAdapter.cpp" />
    <ClCompile Include="src\ToFromFile.cpp" />
    <ClCompile Include="src\OLYAFSer.cpp" />
    <ClCompile Include="src\TEST_OLYAFSer.cpp" />
  </ItemGroup>
</Project>