<?xml version="1.0" encoding="utf-8"?>
<Project ToolsVersion="4.0" xmlns="http://schemas.microsoft.com/developer/msbuild/2003">
  <ItemGroup>
    <ClInclude Include="src\framework.h" />
    <ClInclude Include="src\pch.h" />
    <ClInclude Include="inc\ACU\ACUGetSingletons.h" />
    <ClInclude Include="inc\ACU\ACUPlayerCameraComponent.h" />
    <ClInclude Include="inc\ACU\BaseEntity.h" />
    <ClInclude Include="inc\ACU\BhvAssassin.h" />
    <ClInclude Include="inc\ACU\CameraManager.h" />
    <ClInclude Include="inc\ACU\CharacterAI.h" />
    <ClInclude Include="inc\ACU\Component.h" />
    <ClInclude Include="inc\ACU\Entity.h" />
    <ClInclude Include="inc\ACU\ManagedObject.h" />
    <ClInclude Include="inc\ACU\MandatoryUniverseComponent.h" />
    <ClInclude Include="inc\ACU\Parkour_PotentialWindowEntry.h" />
    <ClInclude Include="inc\ACU\Parkour_WhileOnWallSystem.h" />
    <ClInclude Include="inc\ACU\RenderValuesHolder.h" />
    <ClInclude Include="inc\ACU\SmallArray.h" />
    <ClInclude Include="inc\ACU\Statechart.h" />
    <ClInclude Include="inc\ACU\TypeInfo.h" />
    <ClInclude Include="inc\ACU\World.h" />
    <ClInclude Include="inc\ACU\basic_types.h" />
    <ClInclude Include="inc\ACU\CameraSelectorBlenderNode.h" />
    <ClInclude Include="inc\ACU\CameraData.h" />
    <ClInclude Include="inc\ACU\CurvePoints.h" />
    <ClInclude Include="inc\ACU\GameStatsManager.h" />
    <ClInclude Include="inc\ACU\HasInputContainers.h" />
    <ClInclude Include="inc\ACU\InputContainer.h" />
    <ClInclude Include="inc\ACU\GamePlaySettings.h" />
    <ClInclude Include="inc\ACU\BallisticProjectileAimingControlsSettings.h" />
    <ClInclude Include="inc\ACU\HasSwapchain.h" />
    <ClInclude Include="inc\ACU\KeymapScancodes.h" />
    <ClInclude Include="inc\ACU\ThrowTargetPrecision.h" />
    <ClInclude Include="inc\ACU\AtomAnimComponent.h" />
    <ClInclude Include="inc\ACU\Human.h" />
    <ClInclude Include="inc\ACU\EventListener.h" />
    <ClInclude Include="inc\ACU\HUDModule.h" />
    <ClInclude Include="inc\ACU\HUDLetterReaderModule.h" />
    <ClInclude Include="inc\ACU\WorldComponent.h" />
    <ClInclude Include="inc\ACU\UIWorldComponent.h" />
    <ClInclude Include="inc\ACU\Enum_EquipmentType.h" />
    <ClInclude Include="inc\ACU\CSrvPlayerWeaponSwitch.h" />
    <ClInclude Include="inc\ACU\Enum_ActionKeyCode.h" />
    <ClInclude Include="inc\ACU\ActionKeyStates.h" />
    <ClInclude Include="inc\ACU\HUDQuickSelectComponent.h" />
    <ClInclude Include="inc\ACU\HUDQuickSelectModule.h" />
    <ClInclude Include="inc\ACU\SharedPtr.h" />
    <ClInclude Include="inc\ACU\QuickSelectButtonComponent.h" />
    <ClInclude Include="inc\ACU\DataBindingComponent.h" />
    <ClInclude Include="inc\ACU\HumanStatesHolder.h" />
    <ClInclude Include="inc\ACU\InventoryItemSettings.h" />
    <ClInclude Include="inc\ACU\AvatarGearManager.h" />
    <ClInclude Include="inc\ACU\WhenHighlightedNPCChanges.h" />
    <ClInclude Include="inc\ACU\ReactionHandler.h" />
    <ClInclude Include="inc\ACU\WitnessEvent.h" />
    <ClInclude Include="inc\ACU\AlertedParams.h" />
    <ClInclude Include="inc\ACU\SoundManager.h" />
    <ClInclude Include="inc\ACU\AssassinSoundSettings.h" />
    <ClInclude Include="inc\ACU\SoundResource.h" />
    <ClInclude Include="inc\ACU\SoundEvent.h" />
    <ClInclude Include="inc\ACU\ACUGlobalSoundSet.h" />
    <ClInclude Include="inc\ACU\UISounds.h" />
    <ClInclude Include="inc\ACU\SoundSet.h" />
    <ClInclude Include="inc\ACU\CSrvPlayerHealth.h" />
    <ClInclude Include="inc\ACU\CSrvAbstract.h" />
    <ClInclude Include="inc\ACU\PlayerProgressionManager.h" />
    <ClInclude Include="inc\ACU\AssassinAbilitySet.h" />
    <ClInclude Include="inc\ACU\DominoComponent.h" />
    <ClInclude Include="inc\ACU\DominoScriptExecutionContext.h" />
    <ClInclude Include="inc\ACU\DominoOperatorData.h" />
    <ClInclude Include="inc\ACU\AIActionEntityOperatorData.h" />
    <ClInclude Include="inc\ACU\ActionAbilitySet.h" />
    <ClInclude Include="inc\ACU\AIAction.h" />
    <ClInclude Include="inc\ACU\LanterndlcComponent.h" />
    <ClInclude Include="inc\ACU\EntityGroup.h" />
    <ClInclude Include="inc\ACU\CLAbstract.h" />
    <ClInclude Include="inc\ACU\EntityAIProcess.h" />
    <ClInclude Include="inc\ACU\CLAssassin.h" />
    <ClInclude Include="inc\ACU\AITask.h" />
    <ClInclude Include="inc\ACU\DebugCommandsHolder.h" />
    <ClInclude Include="inc\ACU\Clock.h" />
    <ClInclude Include="inc\ACU\Enum_MouseButtons.h" />
    <ClInclude Include="inc\ACU\MemoryManager.h" />
    <ClInclude Include="inc\ACU\VanishingManager.h" />
    <ClInclude Include="inc\ACU\WeaponComponent.h" />
    <ClInclude Include="inc\ACU\AvatarConsumablesManager.h" />
    <ClInclude Include="inc\ACU\ReactionManager.h" />
    <ClInclude Include="inc\ACU\ReactionRadiusData.h" />
    <ClInclude Include="inc\ACU\ACUHashmap.h" />
    <ClInclude Include="inc\ACU\Enum_ReactionHash_ReactToWhat.h" />
    <ClInclude Include="inc\ACU\Random.h" />
    <ClInclude Include="inc\ACU\Visual.h" />
    <ClInclude Include="inc\ACU\LODSelectorInstance.h" />
    <ClInclude Include="inc\ACU\Timer.h" />
    <ClInclude Include="inc\ACU\FancyVTable.h" />
    <ClInclude Include="inc\ACU\ActionWeatherWindSelection.h" />
    <ClInclude Include="inc\ACU\WeatherControls.h" />
    <ClInclude Include="inc\ACU\WeatherPropertyControllerData.h" />
    <ClInclude Include="inc\ACU\TimeOfDayManager.h" />
    <ClInclude Include="inc\ACU\MandatoryWorldComponent.h" />
    <ClInclude Include="inc\ACU\Season.h" />
    <ClInclude Include="inc\ACU\SoundState.h" />
    <ClInclude Include="inc\ACU\PlayerCustomizationWorker.h" />
    <ClInclude Include="inc\ACU\BuildTable.h" />
    <ClInclude Include="inc\ACU\MissionManager.h" />
    <ClInclude Include="inc\ACU\Mission.h" />
    <ClInclude Include="inc\ACU\MissionGroup.h" />
    <ClInclude Include="inc\ACU\MissionReplicationPack.h" />
    <ClInclude Include="inc\ACU\MissionHistory.h" />
    <ClInclude Include="inc\ACU\MissionGroupSaveData.h" />
    <ClInclude Include="inc\ACU\MissionSaveData.h" />
    <ClInclude Include="inc\ACU\MissionStepSaveData.h" />
    <ClInclude Include="inc\ACU\MissionStep.h" />
    <ClInclude Include="inc\ACU\MissionRoot.h" />
    <ClInclude Include="inc\ACU\MissionContext.h" />
    <ClInclude Include="inc\ACU\BuildTags.h" />
    <ClInclude Include="inc\ACU\UIString.h" />
    <ClInclude Include="inc\ACU\LocalizationManager.h" />
    <ClInclude Include="inc\ACU\ExclusiveContent.h" />
    <ClInclude Include="inc\ACU\AvatarGearModifierStats.h" />
    <ClInclude Include="vmath\vmath\vmath.h" />
    <ClInclude Include="vmath\vmath\vmath_extra.h" />
    <ClInclude Include="inc\ACU_DefineNativeFunction.h" />
    <ClInclude Include="inc\ACU\MenuManager.h" />
    <ClInclude Include="inc\ACU\MenuPage.h" />
    <ClInclude Include="inc\ACU\StandardPage.h" />
    <ClInclude Include="inc\ACU\GearPage.h" />
    <ClInclude Include="inc\ACU\Event.h" />
    <ClInclude Include="inc\ACU\ManagedPtrs\AllManagedObjects.h" />
    <ClInclude Include="inc\ACU\Material.h" />
    <ClInclude Include="inc\ACU\SkeletonComponent.h" />
    <ClInclude Include="inc\ACU\Skeleton.h" />
    <ClInclude Include="inc\ACU\SoftBodySettings.h" />
    <ClInclude Include="inc\ACU\Bone.h" />
    <ClInclude Include="inc\ACU\ButtonComponent.h" />
    <ClInclude Include="inc\ACU\AvatarGear.h" />
    <ClInclude Include="inc\ACU\HasWorld.h" />
    <ClInclude Include="inc\ACU\MissionStepGroup.h" />
    <ClInclude Include="inc\ACU\MissionCategory.h" />
    <ClInclude Include="inc\ACU\CameraSelectorNode.h" />
    <ClInclude Include="inc\ACU\AtomGraph.h" />
    <ClInclude Include="inc\ACU\AtomStateNode.h" />
    <ClInclude Include="inc\ACU\AtomStateMachineNode.h" />
    <ClInclude Include="inc\ACU\AtomGraphStateNode.h" />
    <ClInclude Include="inc\ACU\AtomGraphNode.h" />
    <ClInclude Include="inc\ACU\AtomNodeID.h" />
    <ClInclude Include="inc\ACU\Animation.h" />
    <ClInclude Include="inc\ACU\SeamlessCinematicOutroTransitionOperatorData.h" />
    <ClInclude Include="inc\ACU\AtomLayeringStateNode.h" />
    <ClInclude Include="inc\ACU\AtomAnimationDataNode.h" />
    <ClInclude Include="inc\ACU\AtomAnimationDataBaseNode.h" />
    <ClInclude Include="inc\ACU\AtomPlayCustomActionNode.h" />
    <ClInclude Include="inc\ACU\AtomTransitionCellDescription.h" />
    <ClInclude Include="inc\ACU\AtomCustomTransitionSystem.h" />
    <ClInclude Include="inc\ACU\AtomStateTransitionTarget.h" />
    <ClInclude Include="inc\ACU\AtomConditionExpression.h" />
    <ClInclude Include="inc\ACU\AtomCondition.h" />
    <ClInclude Include="inc\ACU\AtomAnimationRootNode.h" />
    <ClInclude Include="inc\ACU\AtomNullStateNode.h" />
    <ClInclude Include="inc\ACU\AtomWriteParamNode.h" />
    <ClInclude Include="inc\ACU\AvatarLoadout.h" />
    <ClInclude Include="inc\ACU\GearUIInfo.h" />
    <ClInclude Include="inc\ACU\GearUIInfoContainer.h" />
    <ClInclude Include="inc\ACU\UniverseTagRules.h" />
    <ClInclude Include="inc\ACU\TagRules.h" />
    <ClInclude Include="inc\ACU\WorldTagRules.h" />
    <ClInclude Include="inc\ACU\PlayerProgressionCharacterCustomization.h" />
    <ClInclude Include="inc\ACU\TagDictionnaries.h" />
    <ClInclude Include="inc\ACU\TagDescriptor.h" />
    <ClInclude Include="inc\ACU\InventoryItemContainer.h" />
    <ClInclude Include="inc\ACU\ForgeManager.h" />
    <ClInclude Include="inc\ACU\BigArray.h" />
    <ClInclude Include="inc\ACU\Letterbox.h" />
    <ClInclude Include="inc\ACU\AtomGraphEvaluation.h" />
    <ClInclude Include="inc\ACU\MissionConditionGroup.h" />
    <ClInclude Include="inc\ACU\MissionCondition.h" />
    <ClInclude Include="inc\ACU\GameBootstrap.h" />
    <ClInclude Include="inc\ACU\LoadInfo.h" />
    <ClInclude Include="inc\ACU\Threads\KnownThreads.h" />
    <ClInclude Include="inc\ACU\AtomDataContainerWrapper.h" />
    <ClInclude Include="inc\ACU\AtomRTCPDescriptor.h" />
    <ClInclude Include="inc\ACU\Memory\ACUAllocs.h" />
    <ClInclude Include="inc\ACU\Sound\ACU_SoundUtils.h" />
    <ClInclude Include="inc\ACU\ManagedPtrs\ManagedPtrs.h" />
    <ClInclude Include="inc\ACU\LoadingThread.h" />
    <ClInclude Include="inc\Handles\Handles.h" />
  </ItemGroup>
  <ItemGroup>
    <ClCompile Include="src\pch.cpp" />
    <ClCompile Include="src\ACU-RE.cpp" />
    <ClCompile Include="src\ACUPlayerCameraComponent.cpp" />
    <ClCompile Include="src\World.cpp" />
    <ClCompile Include="src\BhvAssassin.cpp" />
    <ClCompile Include="src\ACUGetSingletons.cpp" />
    <ClCompile Include="src\BallisticProjectileAimingControlsSettings.cpp" />
    <ClCompile Include="src\Entity.cpp" />
    <ClCompile Include="src\HumanStatesHolder.cpp" />
    <ClCompile Include="src\UISounds.cpp" />
    <ClCompile Include="src\ACUGlobalSoundSet.cpp" />
    <ClCompile Include="src\CLAssassin.cpp" />
    <ClCompile Include="src\AvatarGearManager.cpp" />
    <ClCompile Include="src\VanishingManager.cpp" />
    <ClCompile Include="src\Human.cpp" />
    <ClCompile Include="src\WeaponComponent.cpp" />
    <ClCompile Include="src\AvatarConsumablesManager.cpp" />
    <ClCompile Include="src\ACUHashmap.cpp" />
    <ClCompile Include="src\TimeOfDayManager.cpp" />
    <ClCompile Include="src\LocalizationManager.cpp" />
    <ClCompile Include="vmath\vmath\vmath.cpp" />
    <ClCompile Include="src\ACU_SharedPtrs.cpp" />
    <ClCompile Include="src\MissionRoot.cpp" />
    <ClCompile Include="src\WorldTagRules.cpp" />
    <ClCompile Include="src\ForgeManager.cpp" />
    <ClCompile Include="src\ACUAllocs.cpp" />
    <ClCompile Include="src\ACU_SoundUtils.cpp" />
    <ClCompile Include="src\Handles\Handles.cpp" />
  </ItemGroup>
  <ItemGroup>
    <Natvis Include="misc\debuggers\SmallArray.natvis" />
  </ItemGroup>
</Project>